PODS:
  - Differentiator (4.0.1)
  - ESTabBarController-swift (2.8.0)
  - RxCocoa (5.1.1):
    - RxRelay (~> 5)
    - RxSwift (~> 5)
  - RxDataSources (4.0.1):
    - Differentiator (~> 4.0)
    - RxCocoa (~> 5.0)
    - RxSwift (~> 5.0)
  - RxRelay (5.1.1):
    - RxSwift (~> 5)
  - RxSwift (5.1.1)
  - Socket.IO-Client-Swift (15.2.0):
    - Starscream (~> 3.1)
  - Starscream (3.1.1)

DEPENDENCIES:
  - ESTabBarController-swift
  - RxCocoa
  - RxDataSources
  - RxSwift
  - Socket.IO-Client-Swift (~> 15.2.0)

SPEC REPOS:
  trunk:
    - Differentiator
    - ESTabBarController-swift
    - RxCocoa
    - RxDataSources
    - RxRelay
    - RxSwift
    - Socket.IO-Client-Swift
    - Starscream

SPEC CHECKSUMS:
  Differentiator: 886080237d9f87f322641dedbc5be257061b0602
  ESTabBarController-swift: 05593a6ad64700b03c0eb60ff625916370aa4136
  RxCocoa: 32065309a38d29b5b0db858819b5bf9ef038b601
  RxDataSources: efee07fa4de48477eca0a4611e6d11e2da9c1114
  RxRelay: d77f7d771495f43c556cbc43eebd1bb54d01e8e9
  RxSwift: 81470a2074fa8780320ea5fe4102807cb7118178
  Socket.IO-Client-Swift: 1e3e3a1f09f3312a167f0d781eb2f383d477357c
  Starscream: 4bb2f9942274833f7b4d296a55504dcfc7edb7b0

PODFILE CHECKSUM: a41f643e8d07e56a9ad396256f6c3290bd402616

COCOAPODS: 1.10.0
